
Microsoft Visual Studio Solution File, Format Version 12.00
# Visual Studio Version 17
VisualStudioVersion = 17.14.36221.1
MinimumVisualStudioVersion = 10.0.40219.1
Project("{2150E333-8FDC-42A3-9474-1A3956D46DE8}") = "Recursividad", "Recursividad", "{02EA681E-C7D8-13C7-8484-4AC65E1B71E8}"
EndProject
Project("{FAE04EC0-301F-11D3-BF4B-00C04F79EFBC}") = "Ejercicio1", "Ejercicio1\Ejercicio1.csproj", "{7CE231D8-5A90-487B-B93D-CF0E72054B9D}"
EndProject
Project("{FAE04EC0-301F-11D3-BF4B-00C04F79EFBC}") = "Ejercicio2", "Ejercicio2\Ejercicio2.csproj", "{387F0DC5-6965-4DF9-BFEC-18E41B16DDEF}"
EndProject
Project("{FAE04EC0-301F-11D3-BF4B-00C04F79EFBC}") = "Ejercicio3", "Ejercicio3\Ejercicio3.csproj", "{DB657E8C-A5FC-491F-B9B3-B68433B0DFA0}"
EndProject
Project("{FAE04EC0-301F-11D3-BF4B-00C04F79EFBC}") = "Ejercicio4", "Ejercicio4\Ejercicio4.csproj", "{74E9DDD9-6FA7-440E-ADE1-48468E677A70}"
EndProject
Project("{FAE04EC0-301F-11D3-BF4B-00C04F79EFBC}") = "Ejercicio5", "Ejercicio5\Ejercicio5.csproj", "{4140CFF0-9366-4CCA-AD5F-96876F91B06D}"
EndProject
Project("{FAE04EC0-301F-11D3-BF4B-00C04F79EFBC}") = "Ejercicio6", "Ejercicio6\Ejercicio6.csproj", "{ED83CA0F-BFED-48ED-B98A-1D599A6639BB}"
EndProject
Project("{FAE04EC0-301F-11D3-BF4B-00C04F79EFBC}") = "Ejercicio7", "Ejercicio7\Ejercicio7.csproj", "{E590FBA2-A00A-41BD-8731-2AD1385D0DD3}"
EndProject
Project("{FAE04EC0-301F-11D3-BF4B-00C04F79EFBC}") = "Ejercicio8", "Ejercicio8\Ejercicio8.csproj", "{C08A1F9C-82C4-469A-B132-F09F25743966}"
EndProject
Project("{FAE04EC0-301F-11D3-BF4B-00C04F79EFBC}") = "Ejercicio9", "Ejercicio9\Ejercicio9.csproj", "{EEC8F8AE-3121-4F19-BD24-40D3CC0AA264}"
EndProject
Project("{FAE04EC0-301F-11D3-BF4B-00C04F79EFBC}") = "Ejercicio10", "Ejercicio10\Ejercicio10.csproj", "{4A1CF525-BE3D-424A-B73F-3B98DA7D6BD4}"
EndProject
Project("{FAE04EC0-301F-11D3-BF4B-00C04F79EFBC}") = "Ejercicio11", "Ejercicio11\Ejercicio11.csproj", "{BFD7CCC3-3918-42B4-B79E-ED5B5A662580}"
EndProject
Project("{FAE04EC0-301F-11D3-BF4B-00C04F79EFBC}") = "Ejercicio12", "Ejercicio12\Ejercicio12.csproj", "{3DAD73E7-8683-4C75-9989-036614FEAD00}"
EndProject
Project("{2150E333-8FDC-42A3-9474-1A3956D46DE8}") = "Colas", "Colas", "{5E09855B-0738-40B9-BDAA-5E229952D115}"
EndProject
Project("{2150E333-8FDC-42A3-9474-1A3956D46DE8}") = "Pilas", "Pilas", "{369CB01D-A1A7-72D2-AABC-3F0945D148A2}"
EndProject
Project("{FAE04EC0-301F-11D3-BF4B-00C04F79EFBC}") = "TorreHanoi", "TorreHanoi\TorreHanoi.csproj", "{5B986EF5-FA3B-4743-AEF2-B30DC1A64797}"
EndProject
Project("{FAE04EC0-301F-11D3-BF4B-00C04F79EFBC}") = "Ejercicio 4", "Ejercicio 4\Ejercicio 4.csproj", "{649989D5-43AC-4C8C-97E9-D9B89A7616CF}"
EndProject
Project("{FAE04EC0-301F-11D3-BF4B-00C04F79EFBC}") = "Ejercicio 5", "Ejercicio 5\Ejercicio 5.csproj", "{E3F6932C-4444-4975-914B-25AB9E174AE5}"
EndProject
Project("{FAE04EC0-301F-11D3-BF4B-00C04F79EFBC}") = "Ejercicio 6", "Ejercicio 6\Ejercicio 6.csproj", "{5B7F80AF-B990-4B82-9992-B9223601EA73}"
EndProject
Project("{2150E333-8FDC-42A3-9474-1A3956D46DE8}") = "Listas", "Listas", "{0AD855C5-959E-41E0-B242-B294E2A5DCB0}"
EndProject
Project("{FAE04EC0-301F-11D3-BF4B-00C04F79EFBC}") = "Ej1ListaSE", "Ej1ListaSE\Ej1ListaSE.csproj", "{86FFF386-F09E-422D-B83B-6B46F15F57DF}"
EndProject
Project("{FAE04EC0-301F-11D3-BF4B-00C04F79EFBC}") = "NodoGenerico", "NodoGenerico\NodoGenerico.csproj", "{654F3D70-86D2-4E62-B3E8-8922C44CCADF}"
EndProject
Project("{FAE04EC0-301F-11D3-BF4B-00C04F79EFBC}") = "Ej16ColaSuperMercado", "Ej16ColaSuperMercado\Ej16ColaSuperMercado.csproj", "{9625A47E-78F5-455B-B413-F64BA5BBA891}"
EndProject
Global
	GlobalSection(SolutionConfigurationPlatforms) = preSolution
		Debug|Any CPU = Debug|Any CPU
		Release|Any CPU = Release|Any CPU
	EndGlobalSection
	GlobalSection(ProjectConfigurationPlatforms) = postSolution
		{7CE231D8-5A90-487B-B93D-CF0E72054B9D}.Debug|Any CPU.ActiveCfg = Debug|Any CPU
		{7CE231D8-5A90-487B-B93D-CF0E72054B9D}.Debug|Any CPU.Build.0 = Debug|Any CPU
		{7CE231D8-5A90-487B-B93D-CF0E72054B9D}.Release|Any CPU.ActiveCfg = Release|Any CPU
		{7CE231D8-5A90-487B-B93D-CF0E72054B9D}.Release|Any CPU.Build.0 = Release|Any CPU
		{387F0DC5-6965-4DF9-BFEC-18E41B16DDEF}.Debug|Any CPU.ActiveCfg = Debug|Any CPU
		{387F0DC5-6965-4DF9-BFEC-18E41B16DDEF}.Debug|Any CPU.Build.0 = Debug|Any CPU
		{387F0DC5-6965-4DF9-BFEC-18E41B16DDEF}.Release|Any CPU.ActiveCfg = Release|Any CPU
		{387F0DC5-6965-4DF9-BFEC-18E41B16DDEF}.Release|Any CPU.Build.0 = Release|Any CPU
		{DB657E8C-A5FC-491F-B9B3-B68433B0DFA0}.Debug|Any CPU.ActiveCfg = Debug|Any CPU
		{DB657E8C-A5FC-491F-B9B3-B68433B0DFA0}.Debug|Any CPU.Build.0 = Debug|Any CPU
		{DB657E8C-A5FC-491F-B9B3-B68433B0DFA0}.Release|Any CPU.ActiveCfg = Release|Any CPU
		{DB657E8C-A5FC-491F-B9B3-B68433B0DFA0}.Release|Any CPU.Build.0 = Release|Any CPU
		{74E9DDD9-6FA7-440E-ADE1-48468E677A70}.Debug|Any CPU.ActiveCfg = Debug|Any CPU
		{74E9DDD9-6FA7-440E-ADE1-48468E677A70}.Debug|Any CPU.Build.0 = Debug|Any CPU
		{74E9DDD9-6FA7-440E-ADE1-48468E677A70}.Release|Any CPU.ActiveCfg = Release|Any CPU
		{74E9DDD9-6FA7-440E-ADE1-48468E677A70}.Release|Any CPU.Build.0 = Release|Any CPU
		{4140CFF0-9366-4CCA-AD5F-96876F91B06D}.Debug|Any CPU.ActiveCfg = Debug|Any CPU
		{4140CFF0-9366-4CCA-AD5F-96876F91B06D}.Debug|Any CPU.Build.0 = Debug|Any CPU
		{4140CFF0-9366-4CCA-AD5F-96876F91B06D}.Release|Any CPU.ActiveCfg = Release|Any CPU
		{4140CFF0-9366-4CCA-AD5F-96876F91B06D}.Release|Any CPU.Build.0 = Release|Any CPU
		{ED83CA0F-BFED-48ED-B98A-1D599A6639BB}.Debug|Any CPU.ActiveCfg = Debug|Any CPU
		{ED83CA0F-BFED-48ED-B98A-1D599A6639BB}.Debug|Any CPU.Build.0 = Debug|Any CPU
		{ED83CA0F-BFED-48ED-B98A-1D599A6639BB}.Release|Any CPU.ActiveCfg = Release|Any CPU
		{ED83CA0F-BFED-48ED-B98A-1D599A6639BB}.Release|Any CPU.Build.0 = Release|Any CPU
		{E590FBA2-A00A-41BD-8731-2AD1385D0DD3}.Debug|Any CPU.ActiveCfg = Debug|Any CPU
		{E590FBA2-A00A-41BD-8731-2AD1385D0DD3}.Debug|Any CPU.Build.0 = Debug|Any CPU
		{E590FBA2-A00A-41BD-8731-2AD1385D0DD3}.Release|Any CPU.ActiveCfg = Release|Any CPU
		{E590FBA2-A00A-41BD-8731-2AD1385D0DD3}.Release|Any CPU.Build.0 = Release|Any CPU
		{C08A1F9C-82C4-469A-B132-F09F25743966}.Debug|Any CPU.ActiveCfg = Debug|Any CPU
		{C08A1F9C-82C4-469A-B132-F09F25743966}.Debug|Any CPU.Build.0 = Debug|Any CPU
		{C08A1F9C-82C4-469A-B132-F09F25743966}.Release|Any CPU.ActiveCfg = Release|Any CPU
		{C08A1F9C-82C4-469A-B132-F09F25743966}.Release|Any CPU.Build.0 = Release|Any CPU
		{EEC8F8AE-3121-4F19-BD24-40D3CC0AA264}.Debug|Any CPU.ActiveCfg = Debug|Any CPU
		{EEC8F8AE-3121-4F19-BD24-40D3CC0AA264}.Debug|Any CPU.Build.0 = Debug|Any CPU
		{EEC8F8AE-3121-4F19-BD24-40D3CC0AA264}.Release|Any CPU.ActiveCfg = Release|Any CPU
		{EEC8F8AE-3121-4F19-BD24-40D3CC0AA264}.Release|Any CPU.Build.0 = Release|Any CPU
		{4A1CF525-BE3D-424A-B73F-3B98DA7D6BD4}.Debug|Any CPU.ActiveCfg = Debug|Any CPU
		{4A1CF525-BE3D-424A-B73F-3B98DA7D6BD4}.Debug|Any CPU.Build.0 = Debug|Any CPU
		{4A1CF525-BE3D-424A-B73F-3B98DA7D6BD4}.Release|Any CPU.ActiveCfg = Release|Any CPU
		{4A1CF525-BE3D-424A-B73F-3B98DA7D6BD4}.Release|Any CPU.Build.0 = Release|Any CPU
		{BFD7CCC3-3918-42B4-B79E-ED5B5A662580}.Debug|Any CPU.ActiveCfg = Debug|Any CPU
		{BFD7CCC3-3918-42B4-B79E-ED5B5A662580}.Debug|Any CPU.Build.0 = Debug|Any CPU
		{BFD7CCC3-3918-42B4-B79E-ED5B5A662580}.Release|Any CPU.ActiveCfg = Release|Any CPU
		{BFD7CCC3-3918-42B4-B79E-ED5B5A662580}.Release|Any CPU.Build.0 = Release|Any CPU
		{3DAD73E7-8683-4C75-9989-036614FEAD00}.Debug|Any CPU.ActiveCfg = Debug|Any CPU
		{3DAD73E7-8683-4C75-9989-036614FEAD00}.Debug|Any CPU.Build.0 = Debug|Any CPU
		{3DAD73E7-8683-4C75-9989-036614FEAD00}.Release|Any CPU.ActiveCfg = Release|Any CPU
		{3DAD73E7-8683-4C75-9989-036614FEAD00}.Release|Any CPU.Build.0 = Release|Any CPU
		{5B986EF5-FA3B-4743-AEF2-B30DC1A64797}.Debug|Any CPU.ActiveCfg = Debug|Any CPU
		{5B986EF5-FA3B-4743-AEF2-B30DC1A64797}.Debug|Any CPU.Build.0 = Debug|Any CPU
		{5B986EF5-FA3B-4743-AEF2-B30DC1A64797}.Release|Any CPU.ActiveCfg = Release|Any CPU
		{5B986EF5-FA3B-4743-AEF2-B30DC1A64797}.Release|Any CPU.Build.0 = Release|Any CPU
		{649989D5-43AC-4C8C-97E9-D9B89A7616CF}.Debug|Any CPU.ActiveCfg = Debug|Any CPU
		{649989D5-43AC-4C8C-97E9-D9B89A7616CF}.Debug|Any CPU.Build.0 = Debug|Any CPU
		{649989D5-43AC-4C8C-97E9-D9B89A7616CF}.Release|Any CPU.ActiveCfg = Release|Any CPU
		{649989D5-43AC-4C8C-97E9-D9B89A7616CF}.Release|Any CPU.Build.0 = Release|Any CPU
		{E3F6932C-4444-4975-914B-25AB9E174AE5}.Debug|Any CPU.ActiveCfg = Debug|Any CPU
		{E3F6932C-4444-4975-914B-25AB9E174AE5}.Debug|Any CPU.Build.0 = Debug|Any CPU
		{E3F6932C-4444-4975-914B-25AB9E174AE5}.Release|Any CPU.ActiveCfg = Release|Any CPU
		{E3F6932C-4444-4975-914B-25AB9E174AE5}.Release|Any CPU.Build.0 = Release|Any CPU
		{5B7F80AF-B990-4B82-9992-B9223601EA73}.Debug|Any CPU.ActiveCfg = Debug|Any CPU
		{5B7F80AF-B990-4B82-9992-B9223601EA73}.Debug|Any CPU.Build.0 = Debug|Any CPU
		{5B7F80AF-B990-4B82-9992-B9223601EA73}.Release|Any CPU.ActiveCfg = Release|Any CPU
		{5B7F80AF-B990-4B82-9992-B9223601EA73}.Release|Any CPU.Build.0 = Release|Any CPU
		{86FFF386-F09E-422D-B83B-6B46F15F57DF}.Debug|Any CPU.ActiveCfg = Debug|Any CPU
		{86FFF386-F09E-422D-B83B-6B46F15F57DF}.Debug|Any CPU.Build.0 = Debug|Any CPU
		{86FFF386-F09E-422D-B83B-6B46F15F57DF}.Release|Any CPU.ActiveCfg = Release|Any CPU
		{86FFF386-F09E-422D-B83B-6B46F15F57DF}.Release|Any CPU.Build.0 = Release|Any CPU
		{654F3D70-86D2-4E62-B3E8-8922C44CCADF}.Debug|Any CPU.ActiveCfg = Debug|Any CPU
		{654F3D70-86D2-4E62-B3E8-8922C44CCADF}.Debug|Any CPU.Build.0 = Debug|Any CPU
		{654F3D70-86D2-4E62-B3E8-8922C44CCADF}.Release|Any CPU.ActiveCfg = Release|Any CPU
		{654F3D70-86D2-4E62-B3E8-8922C44CCADF}.Release|Any CPU.Build.0 = Release|Any CPU
		{9625A47E-78F5-455B-B413-F64BA5BBA891}.Debug|Any CPU.ActiveCfg = Debug|Any CPU
		{9625A47E-78F5-455B-B413-F64BA5BBA891}.Debug|Any CPU.Build.0 = Debug|Any CPU
		{9625A47E-78F5-455B-B413-F64BA5BBA891}.Release|Any CPU.ActiveCfg = Release|Any CPU
		{9625A47E-78F5-455B-B413-F64BA5BBA891}.Release|Any CPU.Build.0 = Release|Any CPU
	EndGlobalSection
	GlobalSection(SolutionProperties) = preSolution
		HideSolutionNode = FALSE
	EndGlobalSection
	GlobalSection(NestedProjects) = preSolution
		{7CE231D8-5A90-487B-B93D-CF0E72054B9D} = {02EA681E-C7D8-13C7-8484-4AC65E1B71E8}
		{387F0DC5-6965-4DF9-BFEC-18E41B16DDEF} = {02EA681E-C7D8-13C7-8484-4AC65E1B71E8}
		{DB657E8C-A5FC-491F-B9B3-B68433B0DFA0} = {02EA681E-C7D8-13C7-8484-4AC65E1B71E8}
		{74E9DDD9-6FA7-440E-ADE1-48468E677A70} = {02EA681E-C7D8-13C7-8484-4AC65E1B71E8}
		{4140CFF0-9366-4CCA-AD5F-96876F91B06D} = {02EA681E-C7D8-13C7-8484-4AC65E1B71E8}
		{ED83CA0F-BFED-48ED-B98A-1D599A6639BB} = {02EA681E-C7D8-13C7-8484-4AC65E1B71E8}
		{E590FBA2-A00A-41BD-8731-2AD1385D0DD3} = {02EA681E-C7D8-13C7-8484-4AC65E1B71E8}
		{C08A1F9C-82C4-469A-B132-F09F25743966} = {02EA681E-C7D8-13C7-8484-4AC65E1B71E8}
		{EEC8F8AE-3121-4F19-BD24-40D3CC0AA264} = {02EA681E-C7D8-13C7-8484-4AC65E1B71E8}
		{4A1CF525-BE3D-424A-B73F-3B98DA7D6BD4} = {02EA681E-C7D8-13C7-8484-4AC65E1B71E8}
		{BFD7CCC3-3918-42B4-B79E-ED5B5A662580} = {02EA681E-C7D8-13C7-8484-4AC65E1B71E8}
		{3DAD73E7-8683-4C75-9989-036614FEAD00} = {02EA681E-C7D8-13C7-8484-4AC65E1B71E8}
		{5B986EF5-FA3B-4743-AEF2-B30DC1A64797} = {369CB01D-A1A7-72D2-AABC-3F0945D148A2}
		{649989D5-43AC-4C8C-97E9-D9B89A7616CF} = {5E09855B-0738-40B9-BDAA-5E229952D115}
		{E3F6932C-4444-4975-914B-25AB9E174AE5} = {5E09855B-0738-40B9-BDAA-5E229952D115}
		{5B7F80AF-B990-4B82-9992-B9223601EA73} = {5E09855B-0738-40B9-BDAA-5E229952D115}
		{86FFF386-F09E-422D-B83B-6B46F15F57DF} = {0AD855C5-959E-41E0-B242-B294E2A5DCB0}
		{9625A47E-78F5-455B-B413-F64BA5BBA891} = {0AD855C5-959E-41E0-B242-B294E2A5DCB0}
	EndGlobalSection
	GlobalSection(ExtensibilityGlobals) = postSolution
		SolutionGuid = {2C09B85E-6990-4688-9D01-EAC1CFFC079D}
	EndGlobalSection
EndGlobal
